{"version":4,"terraform_version":"1.10.6","serial":2,"lineage":"1d035c12-9373-c556-9750-51b2afab7028","outputs":{"public_ip":{"value":"34.101.197.7","type":"string"}},"resources":[{"mode":"managed","type":"google_compute_firewall","name":"allow_http_ssh","provider":"provider[\"registry.opentofu.org/hashicorp/google\"]","instances":[{"schema_version":1,"attributes":{"allow":[{"ports":["22","80"],"protocol":"tcp"}],"creation_timestamp":"2025-10-01T06:53:29.952-07:00","deny":[],"description":"","destination_ranges":[],"direction":"INGRESS","disabled":false,"enable_logging":null,"id":"projects/elevated-legacy-459209-q6/global/firewalls/allow-http-ssh","log_config":[],"name":"allow-http-ssh","network":"https://www.googleapis.com/compute/v1/projects/elevated-legacy-459209-q6/global/networks/default","params":[],"priority":1000,"project":"elevated-legacy-459209-q6","self_link":"https://www.googleapis.com/compute/v1/projects/elevated-legacy-459209-q6/global/firewalls/allow-http-ssh","source_ranges":["0.0.0.0/0"],"source_service_accounts":null,"source_tags":null,"target_service_accounts":null,"target_tags":["http-server","ssh-server"],"timeouts":null},"sensitive_attributes":[],"private":"eyJlMmJmYjczMC1lY2FhLTExZTYtOGY4OC0zNDM2M2JjN2M0YzAiOnsiY3JlYXRlIjoxMjAwMDAwMDAwMDAwLCJkZWxldGUiOjEyMDAwMDAwMDAwMDAsInVwZGF0ZSI6MTIwMDAwMDAwMDAwMH0sInNjaGVtYV92ZXJzaW9uIjoiMSJ9"}]},{"mode":"managed","type":"google_compute_instance","name":"vm","provider":"provider[\"registry.opentofu.org/hashicorp/google\"]","instances":[{"schema_version":6,"attributes":{"advanced_machine_features":[],"allow_stopping_for_update":null,"attached_disk":[],"boot_disk":[{"auto_delete":true,"device_name":"persistent-disk-0","disk_encryption_key_raw":"","disk_encryption_key_rsa":"","disk_encryption_key_sha256":"","disk_encryption_service_account":"","force_attach":false,"guest_os_features":["UEFI_COMPATIBLE","VIRTIO_SCSI_MULTIQUEUE","GVNIC"],"initialize_params":[{"architecture":"X86_64","enable_confidential_compute":false,"image":"https://www.googleapis.com/compute/v1/projects/debian-cloud/global/images/debian-11-bullseye-v20250915","labels":{},"provisioned_iops":0,"provisioned_throughput":0,"resource_manager_tags":null,"resource_policies":[],"size":10,"snapshot":"","source_image_encryption_key":[],"source_snapshot_encryption_key":[],"storage_pool":"","type":"pd-standard"}],"interface":"","kms_key_self_link":"","mode":"READ_WRITE","source":"https://www.googleapis.com/compute/v1/projects/elevated-legacy-459209-q6/zones/asia-southeast2-a/disks/opentofu-vm"}],"can_ip_forward":false,"confidential_instance_config":[],"cpu_platform":"Intel Broadwell","creation_timestamp":"2025-10-01T06:53:32.110-07:00","current_status":"RUNNING","deletion_protection":false,"description":"","desired_status":null,"effective_labels":{"goog-terraform-provisioned":"true"},"enable_display":false,"guest_accelerator":[],"hostname":"","id":"projects/elevated-legacy-459209-q6/zones/asia-southeast2-a/instances/opentofu-vm","instance_encryption_key":[],"instance_id":"8617484190334618804","key_revocation_action_type":"","label_fingerprint":"vezUS-42LLM=","labels":null,"machine_type":"e2-standard-2","metadata":null,"metadata_fingerprint":"GJLW0LG5-Tc=","metadata_startup_script":"#!/bin/bash\napt-get update -y\napt-get install -y nginx\nsystemctl enable nginx\nsystemctl start nginx\necho \"Hello, OpenTofu on GCP!\" \u003e /var/www/html/index.nginx-debian.html\n","min_cpu_platform":"","name":"opentofu-vm","network_interface":[{"access_config":[{"nat_ip":"34.101.197.7","network_tier":"PREMIUM","public_ptr_domain_name":""}],"alias_ip_range":[],"internal_ipv6_prefix_length":0,"ipv6_access_config":[],"ipv6_access_type":"","ipv6_address":"","name":"nic0","network":"https://www.googleapis.com/compute/v1/projects/elevated-legacy-459209-q6/global/networks/default","network_attachment":"","network_ip":"10.184.0.3","nic_type":"","queue_count":0,"stack_type":"IPV4_ONLY","subnetwork":"https://www.googleapis.com/compute/v1/projects/elevated-legacy-459209-q6/regions/asia-southeast2/subnetworks/default","subnetwork_project":"elevated-legacy-459209-q6"}],"network_performance_config":[],"params":[],"project":"elevated-legacy-459209-q6","reservation_affinity":[],"resource_policies":null,"scheduling":[{"automatic_restart":true,"availability_domain":0,"instance_termination_action":"","local_ssd_recovery_timeout":[],"max_run_duration":[],"min_node_cpus":0,"node_affinities":[],"on_host_maintenance":"MIGRATE","on_instance_stop_action":[],"preemptible":false,"provisioning_model":"STANDARD","termination_time":""}],"scratch_disk":[],"self_link":"https://www.googleapis.com/compute/v1/projects/elevated-legacy-459209-q6/zones/asia-southeast2-a/instances/opentofu-vm","service_account":[],"shielded_instance_config":[{"enable_integrity_monitoring":true,"enable_secure_boot":false,"enable_vtpm":true}],"tags":["http-server","ssh-server"],"tags_fingerprint":"3eL4F_0TT2s=","terraform_labels":{"goog-terraform-provisioned":"true"},"timeouts":null,"zone":"asia-southeast2-a"},"sensitive_attributes":[[{"type":"get_attr","value":"boot_disk"},{"type":"index","value":{"value":0,"type":"number"}},{"type":"get_attr","value":"disk_encryption_key_rsa"}],[{"type":"get_attr","value":"boot_disk"},{"type":"index","value":{"value":0,"type":"number"}},{"type":"get_attr","value":"disk_encryption_key_raw"}]],"private":"eyJlMmJmYjczMC1lY2FhLTExZTYtOGY4OC0zNDM2M2JjN2M0YzAiOnsiY3JlYXRlIjoxMjAwMDAwMDAwMDAwLCJkZWxldGUiOjEyMDAwMDAwMDAwMDAsInVwZGF0ZSI6MTIwMDAwMDAwMDAwMH0sInNjaGVtYV92ZXJzaW9uIjoiNiJ9"}]}],"check_results":null}
